
Microsoft Visual Studio Solution File, Format Version 12.00
# Visual Studio Version 17
VisualStudioVersion = 17.4.33205.214
MinimumVisualStudioVersion = 10.0.40219.1
Project("{FAE04EC0-301F-11D3-BF4B-00C04F79EFBC}") = "BulkyWeb", "BulkyWeb\BulkyWeb.csproj", "{B325401A-61BD-4143-ABCE-2CB8A27486EB}"
EndProject
Global
	GlobalSection(SolutionConfigurationPlatforms) = preSolution
		Debug|Any CPU = Debug|Any CPU
		Release|Any CPU = Release|Any CPU
	EndGlobalSection
	GlobalSection(ProjectConfigurationPlatforms) = postSolution
		{B325401A-61BD-4143-ABCE-2CB8A27486EB}.Debug|Any CPU.ActiveCfg = Debug|Any CPU
		{B325401A-61BD-4143-ABCE-2CB8A27486EB}.Debug|Any CPU.Build.0 = Debug|Any CPU
		{B325401A-61BD-4143-ABCE-2CB8A27486EB}.Release|Any CPU.ActiveCfg = Release|Any CPU
		{B325401A-61BD-4143-ABCE-2CB8A27486EB}.Release|Any CPU.Build.0 = Release|Any CPU
	EndGlobalSection
	GlobalSection(SolutionProperties) = preSolution
		HideSolutionNode = FALSE
	EndGlobalSection
	GlobalSection(ExtensibilityGlobals) = postSolution
		SolutionGuid = {080D23B3-7050-42E6-8823-F3DE9DE40B57}
	EndGlobalSection
EndGlobal
